// !$*UTF8*$!
{
	archiveVersion = 1;
	classes = {
	};
	objectVersion = 46;
	objects = {

/* Begin PBXBuildFile section */
		A61E65B71CFD285300942B9E /* SampleTabbarViewController.m in Sources */ = {isa = PBXBuildFile; fileRef = A61E65B51CFD285300942B9E /* SampleTabbarViewController.m */; };
		A61E65B81CFD285300942B9E /* SampleTabbarViewController.xib in Resources */ = {isa = PBXBuildFile; fileRef = A61E65B61CFD285300942B9E /* SampleTabbarViewController.xib */; };
		A61E65BC1CFD2ADE00942B9E /* SamplerTabber2ViewController.m in Sources */ = {isa = PBXBuildFile; fileRef = A61E65BA1CFD2ADE00942B9E /* SamplerTabber2ViewController.m */; };
		A61E65BD1CFD2ADE00942B9E /* SamplerTabber2ViewController.xib in Resources */ = {isa = PBXBuildFile; fileRef = A61E65BB1CFD2ADE00942B9E /* SamplerTabber2ViewController.xib */; };
		A61E65C11CFD2AF500942B9E /* SampleTabbar1ViewController.m in Sources */ = {isa = PBXBuildFile; fileRef = A61E65BF1CFD2AF500942B9E /* SampleTabbar1ViewController.m */; };
		A61E65C21CFD2AF500942B9E /* SampleTabbar1ViewController.xib in Resources */ = {isa = PBXBuildFile; fileRef = A61E65C01CFD2AF500942B9E /* SampleTabbar1ViewController.xib */; };
		A64520931CFBD1D600B72FB5 /* TableViewController.m in Sources */ = {isa = PBXBuildFile; fileRef = A64520911CFBD1D600B72FB5 /* TableViewController.m */; };
		A64520941CFBD1D600B72FB5 /* TableViewController.xib in Resources */ = {isa = PBXBuildFile; fileRef = A64520921CFBD1D600B72FB5 /* TableViewController.xib */; };
		A64520981CFBE6E700B72FB5 /* TableCellTableViewCell.m in Sources */ = {isa = PBXBuildFile; fileRef = A64520961CFBE6E700B72FB5 /* TableCellTableViewCell.m */; };
		A64520991CFBE6E700B72FB5 /* TableCellTableViewCell.xib in Resources */ = {isa = PBXBuildFile; fileRef = A64520971CFBE6E700B72FB5 /* TableCellTableViewCell.xib */; };
		A64520A91CFBF28500B72FB5 /* PromoteApp.m in Sources */ = {isa = PBXBuildFile; fileRef = A64520A81CFBF28500B72FB5 /* PromoteApp.m */; };
		A64520AD1CFC3CBB00B72FB5 /* ngamy.jpg in Resources */ = {isa = PBXBuildFile; fileRef = A64520AC1CFC3CBB00B72FB5 /* ngamy.jpg */; };
		A6A5BA8F1CFD47A4002FA648 /* UIKit.framework in Frameworks */ = {isa = PBXBuildFile; fileRef = A6A5BA8E1CFD47A4002FA648 /* UIKit.framework */; };
		A6A5BA941CFD8745002FA648 /* Default-568h@2x.png in Resources */ = {isa = PBXBuildFile; fileRef = A6A5BA931CFD8745002FA648 /* Default-568h@2x.png */; };
		BE2A34241CF9D3B7006FD0C5 /* main.m in Sources */ = {isa = PBXBuildFile; fileRef = BE2A34231CF9D3B7006FD0C5 /* main.m */; };
		BE2A34271CF9D3B7006FD0C5 /* AppDelegate.m in Sources */ = {isa = PBXBuildFile; fileRef = BE2A34261CF9D3B7006FD0C5 /* AppDelegate.m */; };
		BE2A342A1CF9D3B7006FD0C5 /* ViewController.m in Sources */ = {isa = PBXBuildFile; fileRef = BE2A34291CF9D3B7006FD0C5 /* ViewController.m */; };
		BE2A342D1CF9D3B7006FD0C5 /* Main.storyboard in Resources */ = {isa = PBXBuildFile; fileRef = BE2A342B1CF9D3B7006FD0C5 /* Main.storyboard */; };
		BE2A342F1CF9D3B7006FD0C5 /* Assets.xcassets in Resources */ = {isa = PBXBuildFile; fileRef = BE2A342E1CF9D3B7006FD0C5 /* Assets.xcassets */; };
		BE2A34321CF9D3B7006FD0C5 /* LaunchScreen.storyboard in Resources */ = {isa = PBXBuildFile; fileRef = BE2A34301CF9D3B7006FD0C5 /* LaunchScreen.storyboard */; };
		BE5BA1F11CFB38B5003A18EE /* View2ViewController.m in Sources */ = {isa = PBXBuildFile; fileRef = BE5BA1EF1CFB38B5003A18EE /* View2ViewController.m */; };
		BE5BA1F21CFB38B5003A18EE /* View2ViewController.xib in Resources */ = {isa = PBXBuildFile; fileRef = BE5BA1F01CFB38B5003A18EE /* View2ViewController.xib */; };
/* End PBXBuildFile section */

/* Begin PBXFileReference section */
		A61E65B41CFD285300942B9E /* SampleTabbarViewController.h */ = {isa = PBXFileReference; fileEncoding = 4; lastKnownFileType = sourcecode.c.h; path = SampleTabbarViewController.h; sourceTree = "<group>"; };
		A61E65B51CFD285300942B9E /* SampleTabbarViewController.m */ = {isa = PBXFileReference; fileEncoding = 4; lastKnownFileType = sourcecode.c.objc; path = SampleTabbarViewController.m; sourceTree = "<group>"; };
		A61E65B61CFD285300942B9E /* SampleTabbarViewController.xib */ = {isa = PBXFileReference; fileEncoding = 4; lastKnownFileType = file.xib; path = SampleTabbarViewController.xib; sourceTree = "<group>"; };
		A61E65B91CFD2ADE00942B9E /* SamplerTabber2ViewController.h */ = {isa = PBXFileReference; fileEncoding = 4; lastKnownFileType = sourcecode.c.h; path = SamplerTabber2ViewController.h; sourceTree = "<group>"; };
		A61E65BA1CFD2ADE00942B9E /* SamplerTabber2ViewController.m */ = {isa = PBXFileReference; fileEncoding = 4; lastKnownFileType = sourcecode.c.objc; path = SamplerTabber2ViewController.m; sourceTree = "<group>"; };
		A61E65BB1CFD2ADE00942B9E /* SamplerTabber2ViewController.xib */ = {isa = PBXFileReference; fileEncoding = 4; lastKnownFileType = file.xib; path = SamplerTabber2ViewController.xib; sourceTree = "<group>"; };
		A61E65BE1CFD2AF500942B9E /* SampleTabbar1ViewController.h */ = {isa = PBXFileReference; fileEncoding = 4; lastKnownFileType = sourcecode.c.h; path = SampleTabbar1ViewController.h; sourceTree = "<group>"; };
		A61E65BF1CFD2AF500942B9E /* SampleTabbar1ViewController.m */ = {isa = PBXFileReference; fileEncoding = 4; lastKnownFileType = sourcecode.c.objc; path = SampleTabbar1ViewController.m; sourceTree = "<group>"; };
		A61E65C01CFD2AF500942B9E /* SampleTabbar1ViewController.xib */ = {isa = PBXFileReference; fileEncoding = 4; lastKnownFileType = file.xib; path = SampleTabbar1ViewController.xib; sourceTree = "<group>"; };
		A64520901CFBD1D600B72FB5 /* TableViewController.h */ = {isa = PBXFileReference; fileEncoding = 4; lastKnownFileType = sourcecode.c.h; name = TableViewController.h; path = UI/TableViewController.h; sourceTree = "<group>"; };
		A64520911CFBD1D600B72FB5 /* TableViewController.m */ = {isa = PBXFileReference; fileEncoding = 4; lastKnownFileType = sourcecode.c.objc; name = TableViewController.m; path = UI/TableViewController.m; sourceTree = "<group>"; };
		A64520921CFBD1D600B72FB5 /* TableViewController.xib */ = {isa = PBXFileReference; fileEncoding = 4; lastKnownFileType = file.xib; name = TableViewController.xib; path = UI/TableViewController.xib; sourceTree = "<group>"; };
		A64520951CFBE6E700B72FB5 /* TableCellTableViewCell.h */ = {isa = PBXFileReference; fileEncoding = 4; lastKnownFileType = sourcecode.c.h; name = TableCellTableViewCell.h; path = UI/TableCellTableViewCell.h; sourceTree = "<group>"; };
		A64520961CFBE6E700B72FB5 /* TableCellTableViewCell.m */ = {isa = PBXFileReference; fileEncoding = 4; lastKnownFileType = sourcecode.c.objc; name = TableCellTableViewCell.m; path = UI/TableCellTableViewCell.m; sourceTree = "<group>"; };
		A64520971CFBE6E700B72FB5 /* TableCellTableViewCell.xib */ = {isa = PBXFileReference; fileEncoding = 4; lastKnownFileType = file.xib; name = TableCellTableViewCell.xib; path = UI/TableCellTableViewCell.xib; sourceTree = "<group>"; };
		A64520A71CFBF28500B72FB5 /* PromoteApp.h */ = {isa = PBXFileReference; fileEncoding = 4; lastKnownFileType = sourcecode.c.h; path = PromoteApp.h; sourceTree = "<group>"; };
		A64520A81CFBF28500B72FB5 /* PromoteApp.m */ = {isa = PBXFileReference; fileEncoding = 4; lastKnownFileType = sourcecode.c.objc; path = PromoteApp.m; sourceTree = "<group>"; };
		A64520AC1CFC3CBB00B72FB5 /* ngamy.jpg */ = {isa = PBXFileReference; lastKnownFileType = image.jpeg; path = ngamy.jpg; sourceTree = "<group>"; };
		A6A5BA8E1CFD47A4002FA648 /* UIKit.framework */ = {isa = PBXFileReference; lastKnownFileType = wrapper.framework; name = UIKit.framework; path = System/Library/Frameworks/UIKit.framework; sourceTree = SDKROOT; };
		A6A5BA931CFD8745002FA648 /* Default-568h@2x.png */ = {isa = PBXFileReference; lastKnownFileType = image.png; path = "Default-568h@2x.png"; sourceTree = "<group>"; };
		BE2A341F1CF9D3B7006FD0C5 /* UI.app */ = {isa = PBXFileReference; explicitFileType = wrapper.application; includeInIndex = 0; path = UI.app; sourceTree = BUILT_PRODUCTS_DIR; };
		BE2A34231CF9D3B7006FD0C5 /* main.m */ = {isa = PBXFileReference; lastKnownFileType = sourcecode.c.objc; name = main.m; path = UI/main.m; sourceTree = "<group>"; };
		BE2A34251CF9D3B7006FD0C5 /* AppDelegate.h */ = {isa = PBXFileReference; lastKnownFileType = sourcecode.c.h; name = AppDelegate.h; path = UI/AppDelegate.h; sourceTree = "<group>"; };
		BE2A34261CF9D3B7006FD0C5 /* AppDelegate.m */ = {isa = PBXFileReference; lastKnownFileType = sourcecode.c.objc; name = AppDelegate.m; path = UI/AppDelegate.m; sourceTree = "<group>"; };
		BE2A34281CF9D3B7006FD0C5 /* ViewController.h */ = {isa = PBXFileReference; lastKnownFileType = sourcecode.c.h; name = ViewController.h; path = UI/ViewController.h; sourceTree = "<group>"; };
		BE2A34291CF9D3B7006FD0C5 /* ViewController.m */ = {isa = PBXFileReference; lastKnownFileType = sourcecode.c.objc; name = ViewController.m; path = UI/ViewController.m; sourceTree = "<group>"; };
		BE2A342C1CF9D3B7006FD0C5 /* Base */ = {isa = PBXFileReference; lastKnownFileType = file.storyboard; name = Base; path = Base.lproj/Main.storyboard; sourceTree = "<group>"; };
		BE2A342E1CF9D3B7006FD0C5 /* Assets.xcassets */ = {isa = PBXFileReference; lastKnownFileType = folder.assetcatalog; name = Assets.xcassets; path = UI/Assets.xcassets; sourceTree = "<group>"; };
		BE2A34311CF9D3B7006FD0C5 /* Base */ = {isa = PBXFileReference; lastKnownFileType = file.storyboard; name = Base; path = Base.lproj/LaunchScreen.storyboard; sourceTree = "<group>"; };
		BE2A34331CF9D3B7006FD0C5 /* Info.plist */ = {isa = PBXFileReference; lastKnownFileType = text.plist.xml; name = Info.plist; path = UI/Info.plist; sourceTree = "<group>"; };
		BE5BA1EE1CFB38B5003A18EE /* View2ViewController.h */ = {isa = PBXFileReference; fileEncoding = 4; lastKnownFileType = sourcecode.c.h; name = View2ViewController.h; path = UI/View2ViewController.h; sourceTree = "<group>"; };
		BE5BA1EF1CFB38B5003A18EE /* View2ViewController.m */ = {isa = PBXFileReference; fileEncoding = 4; lastKnownFileType = sourcecode.c.objc; name = View2ViewController.m; path = UI/View2ViewController.m; sourceTree = "<group>"; };
		BE5BA1F01CFB38B5003A18EE /* View2ViewController.xib */ = {isa = PBXFileReference; fileEncoding = 4; lastKnownFileType = file.xib; name = View2ViewController.xib; path = UI/View2ViewController.xib; sourceTree = "<group>"; };
/* End PBXFileReference section */

/* Begin PBXFrameworksBuildPhase section */
		BE2A341C1CF9D3B7006FD0C5 /* Frameworks */ = {
			isa = PBXFrameworksBuildPhase;
			buildActionMask = 2147483647;
			files = (
				A6A5BA8F1CFD47A4002FA648 /* UIKit.framework in Frameworks */,
			);
			runOnlyForDeploymentPostprocessing = 0;
		};
/* End PBXFrameworksBuildPhase section */

/* Begin PBXGroup section */
		A645209A1CFBE71900B72FB5 /* Application */ = {
			isa = PBXGroup;
			children = (
				A645209B1CFBE78F00B72FB5 /* AppDelegate */,
				A645209F1CFBE85700B72FB5 /* model */,
				A64520A01CFBE85F00B72FB5 /* presenter */,
				A645209C1CFBE7C100B72FB5 /* ui */,
				BE2A34231CF9D3B7006FD0C5 /* main.m */,
			);
			name = Application;
			sourceTree = "<group>";
		};
		A645209B1CFBE78F00B72FB5 /* AppDelegate */ = {
			isa = PBXGroup;
			children = (
				BE2A34251CF9D3B7006FD0C5 /* AppDelegate.h */,
				BE2A34261CF9D3B7006FD0C5 /* AppDelegate.m */,
			);
			name = AppDelegate;
			sourceTree = "<group>";
		};
		A645209C1CFBE7C100B72FB5 /* ui */ = {
			isa = PBXGroup;
			children = (
				A64520A41CFBF16E00B72FB5 /* entities */,
				A64520A11CFBE89000B72FB5 /* res */,
				A645209E1CFBE82600B72FB5 /* controllers */,
				A645209D1CFBE81F00B72FB5 /* view */,
			);
			name = ui;
			sourceTree = "<group>";
		};
		A645209D1CFBE81F00B72FB5 /* view */ = {
			isa = PBXGroup;
			children = (
			);
			name = view;
			sourceTree = "<group>";
		};
		A645209E1CFBE82600B72FB5 /* controllers */ = {
			isa = PBXGroup;
			children = (
				BE2A34281CF9D3B7006FD0C5 /* ViewController.h */,
				BE2A34291CF9D3B7006FD0C5 /* ViewController.m */,
				BE5BA1EE1CFB38B5003A18EE /* View2ViewController.h */,
				BE5BA1EF1CFB38B5003A18EE /* View2ViewController.m */,
				A64520901CFBD1D600B72FB5 /* TableViewController.h */,
				A64520911CFBD1D600B72FB5 /* TableViewController.m */,
				A64520951CFBE6E700B72FB5 /* TableCellTableViewCell.h */,
				A64520961CFBE6E700B72FB5 /* TableCellTableViewCell.m */,
				A61E65B41CFD285300942B9E /* SampleTabbarViewController.h */,
				A61E65B51CFD285300942B9E /* SampleTabbarViewController.m */,
				A61E65B91CFD2ADE00942B9E /* SamplerTabber2ViewController.h */,
				A61E65BA1CFD2ADE00942B9E /* SamplerTabber2ViewController.m */,
				A61E65BE1CFD2AF500942B9E /* SampleTabbar1ViewController.h */,
				A61E65BF1CFD2AF500942B9E /* SampleTabbar1ViewController.m */,
			);
			name = controllers;
			sourceTree = "<group>";
		};
		A645209F1CFBE85700B72FB5 /* model */ = {
			isa = PBXGroup;
			children = (
			);
			name = model;
			sourceTree = "<group>";
		};
		A64520A01CFBE85F00B72FB5 /* presenter */ = {
			isa = PBXGroup;
			children = (
			);
			name = presenter;
			sourceTree = "<group>";
		};
		A64520A11CFBE89000B72FB5 /* res */ = {
			isa = PBXGroup;
			children = (
				BE2A342B1CF9D3B7006FD0C5 /* Main.storyboard */,
				BE5BA1F01CFB38B5003A18EE /* View2ViewController.xib */,
				A64520921CFBD1D600B72FB5 /* TableViewController.xib */,
				A64520971CFBE6E700B72FB5 /* TableCellTableViewCell.xib */,
				A61E65B61CFD285300942B9E /* SampleTabbarViewController.xib */,
				A61E65C01CFD2AF500942B9E /* SampleTabbar1ViewController.xib */,
				A61E65BB1CFD2ADE00942B9E /* SamplerTabber2ViewController.xib */,
			);
			name = res;
			sourceTree = "<group>";
		};
		A64520A41CFBF16E00B72FB5 /* entities */ = {
			isa = PBXGroup;
			children = (
				A64520A71CFBF28500B72FB5 /* PromoteApp.h */,
				A64520A81CFBF28500B72FB5 /* PromoteApp.m */,
			);
			name = entities;
			sourceTree = "<group>";
		};
		A6A5BA901CFD48D1002FA648 /* Frameworks */ = {
			isa = PBXGroup;
			children = (
				A6A5BA8E1CFD47A4002FA648 /* UIKit.framework */,
			);
			name = Frameworks;
			sourceTree = "<group>";
		};
		BE2A34161CF9D3B7006FD0C5 = {
			isa = PBXGroup;
			children = (
				A6A5BA931CFD8745002FA648 /* Default-568h@2x.png */,
				BE2A342E1CF9D3B7006FD0C5 /* Assets.xcassets */,
				BE2A34301CF9D3B7006FD0C5 /* LaunchScreen.storyboard */,
				BE2A34331CF9D3B7006FD0C5 /* Info.plist */,
				A645209A1CFBE71900B72FB5 /* Application */,
				BE2A343B1CFA05BD006FD0C5 /* Resources */,
				BE2A34201CF9D3B7006FD0C5 /* Products */,
				A6A5BA901CFD48D1002FA648 /* Frameworks */,
			);
			sourceTree = "<group>";
		};
		BE2A34201CF9D3B7006FD0C5 /* Products */ = {
			isa = PBXGroup;
			children = (
				BE2A341F1CF9D3B7006FD0C5 /* UI.app */,
			);
			name = Products;
			sourceTree = "<group>";
		};
		BE2A343B1CFA05BD006FD0C5 /* Resources */ = {
			isa = PBXGroup;
			children = (
				BE2A343C1CFA05CA006FD0C5 /* Images */,
			);
			name = Resources;
			sourceTree = "<group>";
		};
		BE2A343C1CFA05CA006FD0C5 /* Images */ = {
			isa = PBXGroup;
			children = (
				A64520AC1CFC3CBB00B72FB5 /* ngamy.jpg */,
			);
			name = Images;
			sourceTree = "<group>";
		};
/* End PBXGroup section */

/* Begin PBXNativeTarget section */
		BE2A341E1CF9D3B7006FD0C5 /* UI */ = {
			isa = PBXNativeTarget;
			buildConfigurationList = BE2A34361CF9D3B7006FD0C5 /* Build configuration list for PBXNativeTarget "UI" */;
			buildPhases = (
				BE2A341B1CF9D3B7006FD0C5 /* Sources */,
				BE2A341C1CF9D3B7006FD0C5 /* Frameworks */,
				BE2A341D1CF9D3B7006FD0C5 /* Resources */,
			);
			buildRules = (
			);
			dependencies = (
			);
			name = UI;
			productName = UI;
			productReference = BE2A341F1CF9D3B7006FD0C5 /* UI.app */;
			productType = "com.apple.product-type.application";
		};
/* End PBXNativeTarget section */

/* Begin PBXProject section */
		BE2A34171CF9D3B7006FD0C5 /* Project object */ = {
			isa = PBXProject;
			attributes = {
				LastUpgradeCheck = 0730;
				ORGANIZATIONNAME = ken;
				TargetAttributes = {
					BE2A341E1CF9D3B7006FD0C5 = {
						CreatedOnToolsVersion = 7.3.1;
						DevelopmentTeam = ET48FGDNJ8;
					};
				};
			};
			buildConfigurationList = BE2A341A1CF9D3B7006FD0C5 /* Build configuration list for PBXProject "UI" */;
			compatibilityVersion = "Xcode 3.2";
			developmentRegion = English;
			hasScannedForEncodings = 0;
			knownRegions = (
				en,
				Base,
			);
			mainGroup = BE2A34161CF9D3B7006FD0C5;
			productRefGroup = BE2A34201CF9D3B7006FD0C5 /* Products */;
			projectDirPath = "";
			projectRoot = "";
			targets = (
				BE2A341E1CF9D3B7006FD0C5 /* UI */,
			);
		};
/* End PBXProject section */

/* Begin PBXResourcesBuildPhase section */
		BE2A341D1CF9D3B7006FD0C5 /* Resources */ = {
			isa = PBXResourcesBuildPhase;
			buildActionMask = 2147483647;
			files = (
				BE2A34321CF9D3B7006FD0C5 /* LaunchScreen.storyboard in Resources */,
				A6A5BA941CFD8745002FA648 /* Default-568h@2x.png in Resources */,
				A61E65B81CFD285300942B9E /* SampleTabbarViewController.xib in Resources */,
				A61E65BD1CFD2ADE00942B9E /* SamplerTabber2ViewController.xib in Resources */,
				BE2A342F1CF9D3B7006FD0C5 /* Assets.xcassets in Resources */,
				BE5BA1F21CFB38B5003A18EE /* View2ViewController.xib in Resources */,
				A64520AD1CFC3CBB00B72FB5 /* ngamy.jpg in Resources */,
				A61E65C21CFD2AF500942B9E /* SampleTabbar1ViewController.xib in Resources */,
				BE2A342D1CF9D3B7006FD0C5 /* Main.storyboard in Resources */,
				A64520991CFBE6E700B72FB5 /* TableCellTableViewCell.xib in Resources */,
				A64520941CFBD1D600B72FB5 /* TableViewController.xib in Resources */,
			);
			runOnlyForDeploymentPostprocessing = 0;
		};
/* End PBXResourcesBuildPhase section */

/* Begin PBXSourcesBuildPhase section */
		BE2A341B1CF9D3B7006FD0C5 /* Sources */ = {
			isa = PBXSourcesBuildPhase;
			buildActionMask = 2147483647;
			files = (
				A61E65C11CFD2AF500942B9E /* SampleTabbar1ViewController.m in Sources */,
				A64520A91CFBF28500B72FB5 /* PromoteApp.m in Sources */,
				BE5BA1F11CFB38B5003A18EE /* View2ViewController.m in Sources */,
				BE2A342A1CF9D3B7006FD0C5 /* ViewController.m in Sources */,
				A61E65BC1CFD2ADE00942B9E /* SamplerTabber2ViewController.m in Sources */,
				BE2A34271CF9D3B7006FD0C5 /* AppDelegate.m in Sources */,
				A61E65B71CFD285300942B9E /* SampleTabbarViewController.m in Sources */,
				A64520931CFBD1D600B72FB5 /* TableViewController.m in Sources */,
				A64520981CFBE6E700B72FB5 /* TableCellTableViewCell.m in Sources */,
				BE2A34241CF9D3B7006FD0C5 /* main.m in Sources */,
			);
			runOnlyForDeploymentPostprocessing = 0;
		};
/* End PBXSourcesBuildPhase section */

/* Begin PBXVariantGroup section */
		BE2A342B1CF9D3B7006FD0C5 /* Main.storyboard */ = {
			isa = PBXVariantGroup;
			children = (
				BE2A342C1CF9D3B7006FD0C5 /* Base */,
			);
			name = Main.storyboard;
			path = UI;
			sourceTree = "<group>";
		};
		BE2A34301CF9D3B7006FD0C5 /* LaunchScreen.storyboard */ = {
			isa = PBXVariantGroup;
			children = (
				BE2A34311CF9D3B7006FD0C5 /* Base */,
			);
			name = LaunchScreen.storyboard;
			path = UI;
			sourceTree = "<group>";
		};
/* End PBXVariantGroup section */

/* Begin XCBuildConfiguration section */
		BE2A34341CF9D3B7006FD0C5 /* Debug */ = {
			isa = XCBuildConfiguration;
			buildSettings = {
				ALWAYS_SEARCH_USER_PATHS = NO;
				CLANG_ANALYZER_NONNULL = YES;
				CLANG_CXX_LANGUAGE_STANDARD = "gnu++0x";
				CLANG_CXX_LIBRARY = "libc++";
				CLANG_ENABLE_MODULES = YES;
				CLANG_ENABLE_OBJC_ARC = YES;
				CLANG_WARN_BOOL_CONVERSION = YES;
				CLANG_WARN_CONSTANT_CONVERSION = YES;
				CLANG_WARN_DIRECT_OBJC_ISA_USAGE = YES_ERROR;
				CLANG_WARN_EMPTY_BODY = YES;
				CLANG_WARN_ENUM_CONVERSION = YES;
				CLANG_WARN_INT_CONVERSION = YES;
				CLANG_WARN_OBJC_ROOT_CLASS = YES_ERROR;
				CLANG_WARN_UNREACHABLE_CODE = YES;
				CLANG_WARN__DUPLICATE_METHOD_MATCH = YES;
				"CODE_SIGN_IDENTITY[sdk=iphoneos*]" = "iPhone Developer";
				COPY_PHASE_STRIP = NO;
				DEBUG_INFORMATION_FORMAT = dwarf;
				ENABLE_STRICT_OBJC_MSGSEND = YES;
				ENABLE_TESTABILITY = YES;
				GCC_C_LANGUAGE_STANDARD = gnu99;
				GCC_DYNAMIC_NO_PIC = NO;
				GCC_NO_COMMON_BLOCKS = YES;
				GCC_OPTIMIZATION_LEVEL = 0;
				GCC_PREPROCESSOR_DEFINITIONS = (
					"DEBUG=1",
					"$(inherited)",
				);
				GCC_WARN_64_TO_32_BIT_CONVERSION = YES;
				GCC_WARN_ABOUT_RETURN_TYPE = YES_ERROR;
				GCC_WARN_UNDECLARED_SELECTOR = YES;
				GCC_WARN_UNINITIALIZED_AUTOS = YES_AGGRESSIVE;
				GCC_WARN_UNUSED_FUNCTION = YES;
				GCC_WARN_UNUSED_VARIABLE = YES;
				IPHONEOS_DEPLOYMENT_TARGET = 9.3;
				MTL_ENABLE_DEBUG_INFO = YES;
				ONLY_ACTIVE_ARCH = YES;
				SDKROOT = iphoneos;
				TARGETED_DEVICE_FAMILY = "1,2";
			};
			name = Debug;
		};
		BE2A34351CF9D3B7006FD0C5 /* Release */ = {
			isa = XCBuildConfiguration;
			buildSettings = {
				ALWAYS_SEARCH_USER_PATHS = NO;
				CLANG_ANALYZER_NONNULL = YES;
				CLANG_CXX_LANGUAGE_STANDARD = "gnu++0x";
				CLANG_CXX_LIBRARY = "libc++";
				CLANG_ENABLE_MODULES = YES;
				CLANG_ENABLE_OBJC_ARC = YES;
				CLANG_WARN_BOOL_CONVERSION = YES;
				CLANG_WARN_CONSTANT_CONVERSION = YES;
				CLANG_WARN_DIRECT_OBJC_ISA_USAGE = YES_ERROR;
				CLANG_WARN_EMPTY_BODY = YES;
				CLANG_WARN_ENUM_CONVERSION = YES;
				CLANG_WARN_INT_CONVERSION = YES;
				CLANG_WARN_OBJC_ROOT_CLASS = YES_ERROR;
				CLANG_WARN_UNREACHABLE_CODE = YES;
				CLANG_WARN__DUPLICATE_METHOD_MATCH = YES;
				"CODE_SIGN_IDENTITY[sdk=iphoneos*]" = "iPhone Developer";
				COPY_PHASE_STRIP = NO;
				DEBUG_INFORMATION_FORMAT = "dwarf-with-dsym";
				ENABLE_NS_ASSERTIONS = NO;
				ENABLE_STRICT_OBJC_MSGSEND = YES;
				GCC_C_LANGUAGE_STANDARD = gnu99;
				GCC_NO_COMMON_BLOCKS = YES;
				GCC_WARN_64_TO_32_BIT_CONVERSION = YES;
				GCC_WARN_ABOUT_RETURN_TYPE = YES_ERROR;
				GCC_WARN_UNDECLARED_SELECTOR = YES;
				GCC_WARN_UNINITIALIZED_AUTOS = YES_AGGRESSIVE;
				GCC_WARN_UNUSED_FUNCTION = YES;
				GCC_WARN_UNUSED_VARIABLE = YES;
				IPHONEOS_DEPLOYMENT_TARGET = 9.3;
				MTL_ENABLE_DEBUG_INFO = NO;
				SDKROOT = iphoneos;
				TARGETED_DEVICE_FAMILY = "1,2";
				VALIDATE_PRODUCT = YES;
			};
			name = Release;
		};
		BE2A34371CF9D3B7006FD0C5 /* Debug */ = {
			isa = XCBuildConfiguration;
			buildSettings = {
				ASSETCATALOG_COMPILER_APPICON_NAME = AppIcon;
				CODE_SIGN_IDENTITY = "iPhone Developer";
				"CODE_SIGN_IDENTITY[sdk=iphoneos*]" = "iPhone Developer";
				INFOPLIST_FILE = UI/Info.plist;
				IPHONEOS_DEPLOYMENT_TARGET = 8.3;
				LD_RUNPATH_SEARCH_PATHS = "$(inherited) @executable_path/Frameworks";
				PRODUCT_BUNDLE_IDENTIFIER = com.ken.UI;
				PRODUCT_NAME = "$(TARGET_NAME)";
				PROVISIONING_PROFILE = "";
				TARGETED_DEVICE_FAMILY = 1;
			};
			name = Debug;
		};
		BE2A34381CF9D3B7006FD0C5 /* Release */ = {
			isa = XCBuildConfiguration;
			buildSettings = {
				ASSETCATALOG_COMPILER_APPICON_NAME = AppIcon;
				CODE_SIGN_IDENTITY = "iPhone Developer";
				"CODE_SIGN_IDENTITY[sdk=iphoneos*]" = "iPhone Developer";
				INFOPLIST_FILE = UI/Info.plist;
				IPHONEOS_DEPLOYMENT_TARGET = 8.3;
				LD_RUNPATH_SEARCH_PATHS = "$(inherited) @executable_path/Frameworks";
				PRODUCT_BUNDLE_IDENTIFIER = com.ken.UI;
				PRODUCT_NAME = "$(TARGET_NAME)";
				PROVISIONING_PROFILE = "";
				TARGETED_DEVICE_FAMILY = 1;
			};
			name = Release;
		};
/* End XCBuildConfiguration section */

/* Begin XCConfigurationList section */
		BE2A341A1CF9D3B7006FD0C5 /* Build configuration list for PBXProject "UI" */ = {
			isa = XCConfigurationList;
			buildConfigurations = (
				BE2A34341CF9D3B7006FD0C5 /* Debug */,
				BE2A34351CF9D3B7006FD0C5 /* Release */,
			);
			defaultConfigurationIsVisible = 0;
			defaultConfigurationName = Release;
		};
		BE2A34361CF9D3B7006FD0C5 /* Build configuration list for PBXNativeTarget "UI" */ = {
			isa = XCConfigurationList;
			buildConfigurations = (
				BE2A34371CF9D3B7006FD0C5 /* Debug */,
				BE2A34381CF9D3B7006FD0C5 /* Release */,
			);
			defaultConfigurationIsVisible = 0;
			defaultConfigurationName = Release;
		};
/* End XCConfigurationList section */
	};
	rootObject = BE2A34171CF9D3B7006FD0C5 /* Project object */;
}
