// !$*UTF8*$!
{
	archiveVersion = 1;
	classes = {
	};
	objectVersion = 46;
	objects = {

/* Begin PBXBuildFile section */
		A6D7C4CE1CF806E20071E1DD /* main.m in Sources */ = {isa = PBXBuildFile; fileRef = A6D7C4CD1CF806E20071E1DD /* main.m */; };
		A6D7C4D11CF806E20071E1DD /* AppDelegate.m in Sources */ = {isa = PBXBuildFile; fileRef = A6D7C4D01CF806E20071E1DD /* AppDelegate.m */; };
		A6D7C4D41CF806E20071E1DD /* ViewController.m in Sources */ = {isa = PBXBuildFile; fileRef = A6D7C4D31CF806E20071E1DD /* ViewController.m */; };
		A6D7C4D71CF806E20071E1DD /* Main.storyboard in Resources */ = {isa = PBXBuildFile; fileRef = A6D7C4D51CF806E20071E1DD /* Main.storyboard */; };
		A6D7C4D91CF806E20071E1DD /* Assets.xcassets in Resources */ = {isa = PBXBuildFile; fileRef = A6D7C4D81CF806E20071E1DD /* Assets.xcassets */; };
		A6D7C4DC1CF806E20071E1DD /* LaunchScreen.storyboard in Resources */ = {isa = PBXBuildFile; fileRef = A6D7C4DA1CF806E20071E1DD /* LaunchScreen.storyboard */; };
		A6D7C4E41CF807E60071E1DD /* SampleProtocol.m in Sources */ = {isa = PBXBuildFile; fileRef = A6D7C4E31CF807E60071E1DD /* SampleProtocol.m */; };
/* End PBXBuildFile section */

/* Begin PBXFileReference section */
		A6D7C4C91CF806E20071E1DD /* Delegate.app */ = {isa = PBXFileReference; explicitFileType = wrapper.application; includeInIndex = 0; path = Delegate.app; sourceTree = BUILT_PRODUCTS_DIR; };
		A6D7C4CD1CF806E20071E1DD /* main.m */ = {isa = PBXFileReference; lastKnownFileType = sourcecode.c.objc; path = main.m; sourceTree = "<group>"; };
		A6D7C4CF1CF806E20071E1DD /* AppDelegate.h */ = {isa = PBXFileReference; lastKnownFileType = sourcecode.c.h; path = AppDelegate.h; sourceTree = "<group>"; };
		A6D7C4D01CF806E20071E1DD /* AppDelegate.m */ = {isa = PBXFileReference; lastKnownFileType = sourcecode.c.objc; path = AppDelegate.m; sourceTree = "<group>"; };
		A6D7C4D21CF806E20071E1DD /* ViewController.h */ = {isa = PBXFileReference; lastKnownFileType = sourcecode.c.h; path = ViewController.h; sourceTree = "<group>"; };
		A6D7C4D31CF806E20071E1DD /* ViewController.m */ = {isa = PBXFileReference; lastKnownFileType = sourcecode.c.objc; path = ViewController.m; sourceTree = "<group>"; };
		A6D7C4D61CF806E20071E1DD /* Base */ = {isa = PBXFileReference; lastKnownFileType = file.storyboard; name = Base; path = Base.lproj/Main.storyboard; sourceTree = "<group>"; };
		A6D7C4D81CF806E20071E1DD /* Assets.xcassets */ = {isa = PBXFileReference; lastKnownFileType = folder.assetcatalog; path = Assets.xcassets; sourceTree = "<group>"; };
		A6D7C4DB1CF806E20071E1DD /* Base */ = {isa = PBXFileReference; lastKnownFileType = file.storyboard; name = Base; path = Base.lproj/LaunchScreen.storyboard; sourceTree = "<group>"; };
		A6D7C4DD1CF806E20071E1DD /* Info.plist */ = {isa = PBXFileReference; lastKnownFileType = text.plist.xml; path = Info.plist; sourceTree = "<group>"; };
		A6D7C4E31CF807E60071E1DD /* SampleProtocol.m */ = {isa = PBXFileReference; fileEncoding = 4; lastKnownFileType = sourcecode.c.objc; path = SampleProtocol.m; sourceTree = "<group>"; };
		A6D7C4EB1CF843E50071E1DD /* SampleProtocol.h */ = {isa = PBXFileReference; lastKnownFileType = sourcecode.c.h; name = SampleProtocol.h; path = ../SampleProtocol.h; sourceTree = "<group>"; };
/* End PBXFileReference section */

/* Begin PBXFrameworksBuildPhase section */
		A6D7C4C61CF806E20071E1DD /* Frameworks */ = {
			isa = PBXFrameworksBuildPhase;
			buildActionMask = 2147483647;
			files = (
			);
			runOnlyForDeploymentPostprocessing = 0;
		};
/* End PBXFrameworksBuildPhase section */

/* Begin PBXGroup section */
		A6D7C4C01CF806E20071E1DD = {
			isa = PBXGroup;
			children = (
				A6D7C4CB1CF806E20071E1DD /* Delegate */,
				A6D7C4CA1CF806E20071E1DD /* Products */,
			);
			sourceTree = "<group>";
		};
		A6D7C4CA1CF806E20071E1DD /* Products */ = {
			isa = PBXGroup;
			children = (
				A6D7C4C91CF806E20071E1DD /* Delegate.app */,
			);
			name = Products;
			sourceTree = "<group>";
		};
		A6D7C4CB1CF806E20071E1DD /* Delegate */ = {
			isa = PBXGroup;
			children = (
				A6D7C4CF1CF806E20071E1DD /* AppDelegate.h */,
				A6D7C4D01CF806E20071E1DD /* AppDelegate.m */,
				A6D7C4D21CF806E20071E1DD /* ViewController.h */,
				A6D7C4D31CF806E20071E1DD /* ViewController.m */,
				A6D7C4D51CF806E20071E1DD /* Main.storyboard */,
				A6D7C4D81CF806E20071E1DD /* Assets.xcassets */,
				A6D7C4DA1CF806E20071E1DD /* LaunchScreen.storyboard */,
				A6D7C4DD1CF806E20071E1DD /* Info.plist */,
				A6D7C4CC1CF806E20071E1DD /* Supporting Files */,
				A6D7C4E31CF807E60071E1DD /* SampleProtocol.m */,
				A6D7C4EB1CF843E50071E1DD /* SampleProtocol.h */,
			);
			path = Delegate;
			sourceTree = "<group>";
		};
		A6D7C4CC1CF806E20071E1DD /* Supporting Files */ = {
			isa = PBXGroup;
			children = (
				A6D7C4CD1CF806E20071E1DD /* main.m */,
			);
			name = "Supporting Files";
			sourceTree = "<group>";
		};
/* End PBXGroup section */

/* Begin PBXNativeTarget section */
		A6D7C4C81CF806E20071E1DD /* Delegate */ = {
			isa = PBXNativeTarget;
			buildConfigurationList = A6D7C4E01CF806E20071E1DD /* Build configuration list for PBXNativeTarget "Delegate" */;
			buildPhases = (
				A6D7C4C51CF806E20071E1DD /* Sources */,
				A6D7C4C61CF806E20071E1DD /* Frameworks */,
				A6D7C4C71CF806E20071E1DD /* Resources */,
			);
			buildRules = (
			);
			dependencies = (
			);
			name = Delegate;
			productName = Delegate;
			productReference = A6D7C4C91CF806E20071E1DD /* Delegate.app */;
			productType = "com.apple.product-type.application";
		};
/* End PBXNativeTarget section */

/* Begin PBXProject section */
		A6D7C4C11CF806E20071E1DD /* Project object */ = {
			isa = PBXProject;
			attributes = {
				LastUpgradeCheck = 0730;
				ORGANIZATIONNAME = myG;
				TargetAttributes = {
					A6D7C4C81CF806E20071E1DD = {
						CreatedOnToolsVersion = 7.3.1;
					};
				};
			};
			buildConfigurationList = A6D7C4C41CF806E20071E1DD /* Build configuration list for PBXProject "Delegate" */;
			compatibilityVersion = "Xcode 3.2";
			developmentRegion = English;
			hasScannedForEncodings = 0;
			knownRegions = (
				en,
				Base,
			);
			mainGroup = A6D7C4C01CF806E20071E1DD;
			productRefGroup = A6D7C4CA1CF806E20071E1DD /* Products */;
			projectDirPath = "";
			projectRoot = "";
			targets = (
				A6D7C4C81CF806E20071E1DD /* Delegate */,
			);
		};
/* End PBXProject section */

/* Begin PBXResourcesBuildPhase section */
		A6D7C4C71CF806E20071E1DD /* Resources */ = {
			isa = PBXResourcesBuildPhase;
			buildActionMask = 2147483647;
			files = (
				A6D7C4DC1CF806E20071E1DD /* LaunchScreen.storyboard in Resources */,
				A6D7C4D91CF806E20071E1DD /* Assets.xcassets in Resources */,
				A6D7C4D71CF806E20071E1DD /* Main.storyboard in Resources */,
			);
			runOnlyForDeploymentPostprocessing = 0;
		};
/* End PBXResourcesBuildPhase section */

/* Begin PBXSourcesBuildPhase section */
		A6D7C4C51CF806E20071E1DD /* Sources */ = {
			isa = PBXSourcesBuildPhase;
			buildActionMask = 2147483647;
			files = (
				A6D7C4D41CF806E20071E1DD /* ViewController.m in Sources */,
				A6D7C4D11CF806E20071E1DD /* AppDelegate.m in Sources */,
				A6D7C4CE1CF806E20071E1DD /* main.m in Sources */,
				A6D7C4E41CF807E60071E1DD /* SampleProtocol.m in Sources */,
			);
			runOnlyForDeploymentPostprocessing = 0;
		};
/* End PBXSourcesBuildPhase section */

/* Begin PBXVariantGroup section */
		A6D7C4D51CF806E20071E1DD /* Main.storyboard */ = {
			isa = PBXVariantGroup;
			children = (
				A6D7C4D61CF806E20071E1DD /* Base */,
			);
			name = Main.storyboard;
			sourceTree = "<group>";
		};
		A6D7C4DA1CF806E20071E1DD /* LaunchScreen.storyboard */ = {
			isa = PBXVariantGroup;
			children = (
				A6D7C4DB1CF806E20071E1DD /* Base */,
			);
			name = LaunchScreen.storyboard;
			sourceTree = "<group>";
		};
/* End PBXVariantGroup section */

/* Begin XCBuildConfiguration section */
		A6D7C4DE1CF806E20071E1DD /* Debug */ = {
			isa = XCBuildConfiguration;
			buildSettings = {
				ALWAYS_SEARCH_USER_PATHS = NO;
				CLANG_ANALYZER_NONNULL = YES;
				CLANG_CXX_LANGUAGE_STANDARD = "gnu++0x";
				CLANG_CXX_LIBRARY = "libc++";
				CLANG_ENABLE_MODULES = YES;
				CLANG_ENABLE_OBJC_ARC = YES;
				CLANG_WARN_BOOL_CONVERSION = YES;
				CLANG_WARN_CONSTANT_CONVERSION = YES;
				CLANG_WARN_DIRECT_OBJC_ISA_USAGE = YES_ERROR;
				CLANG_WARN_EMPTY_BODY = YES;
				CLANG_WARN_ENUM_CONVERSION = YES;
				CLANG_WARN_INT_CONVERSION = YES;
				CLANG_WARN_OBJC_ROOT_CLASS = YES_ERROR;
				CLANG_WARN_UNREACHABLE_CODE = YES;
				CLANG_WARN__DUPLICATE_METHOD_MATCH = YES;
				"CODE_SIGN_IDENTITY[sdk=iphoneos*]" = "iPhone Developer";
				COPY_PHASE_STRIP = NO;
				DEBUG_INFORMATION_FORMAT = dwarf;
				ENABLE_STRICT_OBJC_MSGSEND = YES;
				ENABLE_TESTABILITY = YES;
				GCC_C_LANGUAGE_STANDARD = gnu99;
				GCC_DYNAMIC_NO_PIC = NO;
				GCC_NO_COMMON_BLOCKS = YES;
				GCC_OPTIMIZATION_LEVEL = 0;
				GCC_PREPROCESSOR_DEFINITIONS = (
					"DEBUG=1",
					"$(inherited)",
				);
				GCC_WARN_64_TO_32_BIT_CONVERSION = YES;
				GCC_WARN_ABOUT_RETURN_TYPE = YES_ERROR;
				GCC_WARN_UNDECLARED_SELECTOR = YES;
				GCC_WARN_UNINITIALIZED_AUTOS = YES_AGGRESSIVE;
				GCC_WARN_UNUSED_FUNCTION = YES;
				GCC_WARN_UNUSED_VARIABLE = YES;
				IPHONEOS_DEPLOYMENT_TARGET = 9.3;
				MTL_ENABLE_DEBUG_INFO = YES;
				ONLY_ACTIVE_ARCH = YES;
				SDKROOT = iphoneos;
				TARGETED_DEVICE_FAMILY = "1,2";
			};
			name = Debug;
		};
		A6D7C4DF1CF806E20071E1DD /* Release */ = {
			isa = XCBuildConfiguration;
			buildSettings = {
				ALWAYS_SEARCH_USER_PATHS = NO;
				CLANG_ANALYZER_NONNULL = YES;
				CLANG_CXX_LANGUAGE_STANDARD = "gnu++0x";
				CLANG_CXX_LIBRARY = "libc++";
				CLANG_ENABLE_MODULES = YES;
				CLANG_ENABLE_OBJC_ARC = YES;
				CLANG_WARN_BOOL_CONVERSION = YES;
				CLANG_WARN_CONSTANT_CONVERSION = YES;
				CLANG_WARN_DIRECT_OBJC_ISA_USAGE = YES_ERROR;
				CLANG_WARN_EMPTY_BODY = YES;
				CLANG_WARN_ENUM_CONVERSION = YES;
				CLANG_WARN_INT_CONVERSION = YES;
				CLANG_WARN_OBJC_ROOT_CLASS = YES_ERROR;
				CLANG_WARN_UNREACHABLE_CODE = YES;
				CLANG_WARN__DUPLICATE_METHOD_MATCH = YES;
				"CODE_SIGN_IDENTITY[sdk=iphoneos*]" = "iPhone Developer";
				COPY_PHASE_STRIP = NO;
				DEBUG_INFORMATION_FORMAT = "dwarf-with-dsym";
				ENABLE_NS_ASSERTIONS = NO;
				ENABLE_STRICT_OBJC_MSGSEND = YES;
				GCC_C_LANGUAGE_STANDARD = gnu99;
				GCC_NO_COMMON_BLOCKS = YES;
				GCC_WARN_64_TO_32_BIT_CONVERSION = YES;
				GCC_WARN_ABOUT_RETURN_TYPE = YES_ERROR;
				GCC_WARN_UNDECLARED_SELECTOR = YES;
				GCC_WARN_UNINITIALIZED_AUTOS = YES_AGGRESSIVE;
				GCC_WARN_UNUSED_FUNCTION = YES;
				GCC_WARN_UNUSED_VARIABLE = YES;
				IPHONEOS_DEPLOYMENT_TARGET = 9.3;
				MTL_ENABLE_DEBUG_INFO = NO;
				SDKROOT = iphoneos;
				TARGETED_DEVICE_FAMILY = "1,2";
				VALIDATE_PRODUCT = YES;
			};
			name = Release;
		};
		A6D7C4E11CF806E20071E1DD /* Debug */ = {
			isa = XCBuildConfiguration;
			buildSettings = {
				ASSETCATALOG_COMPILER_APPICON_NAME = AppIcon;
				CLANG_ENABLE_MODULES = YES;
				INFOPLIST_FILE = Delegate/Info.plist;
				IPHONEOS_DEPLOYMENT_TARGET = 7.0;
				LD_RUNPATH_SEARCH_PATHS = "$(inherited) @executable_path/Frameworks";
				PRODUCT_BUNDLE_IDENTIFIER = vn.myg.Delegate;
				PRODUCT_NAME = "$(TARGET_NAME)";
				SWIFT_OBJC_BRIDGING_HEADER = "Delegate/Delegate-Bridging-Header.h";
				SWIFT_OPTIMIZATION_LEVEL = "-Onone";
			};
			name = Debug;
		};
		A6D7C4E21CF806E20071E1DD /* Release */ = {
			isa = XCBuildConfiguration;
			buildSettings = {
				ASSETCATALOG_COMPILER_APPICON_NAME = AppIcon;
				CLANG_ENABLE_MODULES = YES;
				INFOPLIST_FILE = Delegate/Info.plist;
				IPHONEOS_DEPLOYMENT_TARGET = 7.0;
				LD_RUNPATH_SEARCH_PATHS = "$(inherited) @executable_path/Frameworks";
				PRODUCT_BUNDLE_IDENTIFIER = vn.myg.Delegate;
				PRODUCT_NAME = "$(TARGET_NAME)";
				SWIFT_OBJC_BRIDGING_HEADER = "Delegate/Delegate-Bridging-Header.h";
			};
			name = Release;
		};
/* End XCBuildConfiguration section */

/* Begin XCConfigurationList section */
		A6D7C4C41CF806E20071E1DD /* Build configuration list for PBXProject "Delegate" */ = {
			isa = XCConfigurationList;
			buildConfigurations = (
				A6D7C4DE1CF806E20071E1DD /* Debug */,
				A6D7C4DF1CF806E20071E1DD /* Release */,
			);
			defaultConfigurationIsVisible = 0;
			defaultConfigurationName = Release;
		};
		A6D7C4E01CF806E20071E1DD /* Build configuration list for PBXNativeTarget "Delegate" */ = {
			isa = XCConfigurationList;
			buildConfigurations = (
				A6D7C4E11CF806E20071E1DD /* Debug */,
				A6D7C4E21CF806E20071E1DD /* Release */,
			);
			defaultConfigurationIsVisible = 0;
		};
/* End XCConfigurationList section */
	};
	rootObject = A6D7C4C11CF806E20071E1DD /* Project object */;
}
